
Microsoft Visual Studio Solution File, Format Version 12.00
# Visual Studio Version 17
VisualStudioVersion = 17.0.31912.275
MinimumVisualStudioVersion = 10.0.40219.1
Project("{FAE04EC0-301F-11D3-BF4B-00C04F79EFBC}") = "theCakeShop.ApplicationLayer", "theCakeShop.ApplicationLayer\theCakeShop.ApplicationLayer.csproj", "{F29E20E1-E335-456B-B435-6ACD7F671227}"
EndProject
Project("{FAE04EC0-301F-11D3-BF4B-00C04F79EFBC}") = "theCakeShop.BusinessLayer", "theCakeShop.BusinessLayer\theCakeShop.BusinessLayer.csproj", "{55302E94-8FF2-4379-9AF3-C23C2C9E8F4D}"
EndProject
Project("{FAE04EC0-301F-11D3-BF4B-00C04F79EFBC}") = "theCakeShop.DataLayer", "theCakeShop.DataLayer\theCakeShop.DataLayer.csproj", "{391755E1-0217-4ED9-A71C-586CAF727319}"
EndProject
Global
	GlobalSection(SolutionConfigurationPlatforms) = preSolution
		Debug|Any CPU = Debug|Any CPU
		Release|Any CPU = Release|Any CPU
	EndGlobalSection
	GlobalSection(ProjectConfigurationPlatforms) = postSolution
		{F29E20E1-E335-456B-B435-6ACD7F671227}.Debug|Any CPU.ActiveCfg = Debug|Any CPU
		{F29E20E1-E335-456B-B435-6ACD7F671227}.Debug|Any CPU.Build.0 = Debug|Any CPU
		{F29E20E1-E335-456B-B435-6ACD7F671227}.Release|Any CPU.ActiveCfg = Release|Any CPU
		{F29E20E1-E335-456B-B435-6ACD7F671227}.Release|Any CPU.Build.0 = Release|Any CPU
		{55302E94-8FF2-4379-9AF3-C23C2C9E8F4D}.Debug|Any CPU.ActiveCfg = Debug|Any CPU
		{55302E94-8FF2-4379-9AF3-C23C2C9E8F4D}.Debug|Any CPU.Build.0 = Debug|Any CPU
		{55302E94-8FF2-4379-9AF3-C23C2C9E8F4D}.Release|Any CPU.ActiveCfg = Release|Any CPU
		{55302E94-8FF2-4379-9AF3-C23C2C9E8F4D}.Release|Any CPU.Build.0 = Release|Any CPU
		{391755E1-0217-4ED9-A71C-586CAF727319}.Debug|Any CPU.ActiveCfg = Debug|Any CPU
		{391755E1-0217-4ED9-A71C-586CAF727319}.Debug|Any CPU.Build.0 = Debug|Any CPU
		{391755E1-0217-4ED9-A71C-586CAF727319}.Release|Any CPU.ActiveCfg = Release|Any CPU
		{391755E1-0217-4ED9-A71C-586CAF727319}.Release|Any CPU.Build.0 = Release|Any CPU
	EndGlobalSection
	GlobalSection(SolutionProperties) = preSolution
		HideSolutionNode = FALSE
	EndGlobalSection
	GlobalSection(ExtensibilityGlobals) = postSolution
		SolutionGuid = {47EA5DC3-0E48-4A06-9E50-AFA1B57D3A73}
	EndGlobalSection
EndGlobal
